
Microsoft Visual Studio Solution File, Format Version 12.00
# Visual Studio Version 16
VisualStudioVersion = 16.0.30503.244
MinimumVisualStudioVersion = 10.0.40219.1
Project("{8BC9CEB8-8B4A-11D0-8D11-00A0C91BC942}") = "零钱兑换", "零钱兑换.vcxproj", "{5AB287C3-553D-46E7-AA30-EC1BFDBDD968}"
EndProject
Global
	GlobalSection(SolutionConfigurationPlatforms) = preSolution
		Debug|x64 = Debug|x64
		Debug|x86 = Debug|x86
		Release|x64 = Release|x64
		Release|x86 = Release|x86
	EndGlobalSection
	GlobalSection(ProjectConfigurationPlatforms) = postSolution
		{5AB287C3-553D-46E7-AA30-EC1BFDBDD968}.Debug|x64.ActiveCfg = Debug|x64
		{5AB287C3-553D-46E7-AA30-EC1BFDBDD968}.Debug|x64.Build.0 = Debug|x64
		{5AB287C3-553D-46E7-AA30-EC1BFDBDD968}.Debug|x86.ActiveCfg = Debug|Win32
		{5AB287C3-553D-46E7-AA30-EC1BFDBDD968}.Debug|x86.Build.0 = Debug|Win32
		{5AB287C3-553D-46E7-AA30-EC1BFDBDD968}.Release|x64.ActiveCfg = Release|x64
		{5AB287C3-553D-46E7-AA30-EC1BFDBDD968}.Release|x64.Build.0 = Release|x64
		{5AB287C3-553D-46E7-AA30-EC1BFDBDD968}.Release|x86.ActiveCfg = Release|Win32
		{5AB287C3-553D-46E7-AA30-EC1BFDBDD968}.Release|x86.Build.0 = Release|Win32
	EndGlobalSection
	GlobalSection(SolutionProperties) = preSolution
		HideSolutionNode = FALSE
	EndGlobalSection
	GlobalSection(ExtensibilityGlobals) = postSolution
		SolutionGuid = {30C3C3F3-6CEA-4CB4-901D-FFF8B355E044}
	EndGlobalSection
EndGlobal
